
Microsoft Visual Studio Solution File, Format Version 12.00
# Visual Studio 15
VisualStudioVersion = 15.0.27703.2000
MinimumVisualStudioVersion = 10.0.40219.1
Project("{FAE04EC0-301F-11D3-BF4B-00C04F79EFBC}") = "Sorting", "Sorting\Sorting.csproj", "{D9EA2D67-FD7A-4415-A0C8-0F9D3821A89B}"
EndProject
Global
	GlobalSection(SolutionConfigurationPlatforms) = preSolution
		Debug|Any CPU = Debug|Any CPU
		Release|Any CPU = Release|Any CPU
	EndGlobalSection
	GlobalSection(ProjectConfigurationPlatforms) = postSolution
		{D9EA2D67-FD7A-4415-A0C8-0F9D3821A89B}.Debug|Any CPU.ActiveCfg = Debug|Any CPU
		{D9EA2D67-FD7A-4415-A0C8-0F9D3821A89B}.Debug|Any CPU.Build.0 = Debug|Any CPU
		{D9EA2D67-FD7A-4415-A0C8-0F9D3821A89B}.Release|Any CPU.ActiveCfg = Release|Any CPU
		{D9EA2D67-FD7A-4415-A0C8-0F9D3821A89B}.Release|Any CPU.Build.0 = Release|Any CPU
	EndGlobalSection
	GlobalSection(SolutionProperties) = preSolution
		HideSolutionNode = FALSE
	EndGlobalSection
	GlobalSection(ExtensibilityGlobals) = postSolution
		SolutionGuid = {E4082ADE-16DB-4BFD-BFE7-60EDAA2CFB50}
	EndGlobalSection
EndGlobal
